
Microsoft Visual Studio Solution File, Format Version 12.00
# Visual Studio Version 16
VisualStudioVersion = 16.0.30309.148
MinimumVisualStudioVersion = 10.0.40219.1
Project("{FAE04EC0-301F-11D3-BF4B-00C04F79EFBC}") = "ActorServer", "ActorServer\ActorServer.csproj", "{A93CC520-392E-4749-8625-46970D65DB1F}"
EndProject
Project("{FAE04EC0-301F-11D3-BF4B-00C04F79EFBC}") = "ActorClient", "ActorClient\ActorClient.csproj", "{8FF3CB6F-F241-437F-9203-B14760DF7C65}"
EndProject
Global
	GlobalSection(SolutionConfigurationPlatforms) = preSolution
		Debug|Any CPU = Debug|Any CPU
		Release|Any CPU = Release|Any CPU
	EndGlobalSection
	GlobalSection(ProjectConfigurationPlatforms) = postSolution
		{A93CC520-392E-4749-8625-46970D65DB1F}.Debug|Any CPU.ActiveCfg = Debug|Any CPU
		{A93CC520-392E-4749-8625-46970D65DB1F}.Debug|Any CPU.Build.0 = Debug|Any CPU
		{A93CC520-392E-4749-8625-46970D65DB1F}.Release|Any CPU.ActiveCfg = Release|Any CPU
		{A93CC520-392E-4749-8625-46970D65DB1F}.Release|Any CPU.Build.0 = Release|Any CPU
		{8FF3CB6F-F241-437F-9203-B14760DF7C65}.Debug|Any CPU.ActiveCfg = Debug|Any CPU
		{8FF3CB6F-F241-437F-9203-B14760DF7C65}.Debug|Any CPU.Build.0 = Debug|Any CPU
		{8FF3CB6F-F241-437F-9203-B14760DF7C65}.Release|Any CPU.ActiveCfg = Release|Any CPU
		{8FF3CB6F-F241-437F-9203-B14760DF7C65}.Release|Any CPU.Build.0 = Release|Any CPU
	EndGlobalSection
	GlobalSection(SolutionProperties) = preSolution
		HideSolutionNode = FALSE
	EndGlobalSection
	GlobalSection(ExtensibilityGlobals) = postSolution
		SolutionGuid = {8B13B5E2-7DCC-4410-8EEB-8F6794B6F7CC}
	EndGlobalSection
EndGlobal
